
Microsoft Visual Studio Solution File, Format Version 12.00
# Visual Studio Version 16
VisualStudioVersion = 16.0.28803.916
MinimumVisualStudioVersion = 10.0.40219.1
Project("{FAE04EC0-301F-11D3-BF4B-00C04F79EFBC}") = "Api", "Api\Api.csproj", "{652B7BD8-DA03-411B-99D5-EE25AF1F8570}"
EndProject
Project("{FAE04EC0-301F-11D3-BF4B-00C04F79EFBC}") = "WebAppMVC", "WebAppMVC\WebAppMVC.csproj", "{0F199E47-7E19-45C0-A3A1-550F1DFEBF17}"
EndProject
Project("{FAE04EC0-301F-11D3-BF4B-00C04F79EFBC}") = "Domain", "Domain\Domain.csproj", "{4A550F3F-A8F6-4CBC-B5A4-4D5D283DDFCD}"
EndProject
Global
	GlobalSection(SolutionConfigurationPlatforms) = preSolution
		Debug|Any CPU = Debug|Any CPU
		Release|Any CPU = Release|Any CPU
	EndGlobalSection
	GlobalSection(ProjectConfigurationPlatforms) = postSolution
		{652B7BD8-DA03-411B-99D5-EE25AF1F8570}.Debug|Any CPU.ActiveCfg = Debug|Any CPU
		{652B7BD8-DA03-411B-99D5-EE25AF1F8570}.Debug|Any CPU.Build.0 = Debug|Any CPU
		{652B7BD8-DA03-411B-99D5-EE25AF1F8570}.Release|Any CPU.ActiveCfg = Release|Any CPU
		{652B7BD8-DA03-411B-99D5-EE25AF1F8570}.Release|Any CPU.Build.0 = Release|Any CPU
		{0F199E47-7E19-45C0-A3A1-550F1DFEBF17}.Debug|Any CPU.ActiveCfg = Debug|Any CPU
		{0F199E47-7E19-45C0-A3A1-550F1DFEBF17}.Debug|Any CPU.Build.0 = Debug|Any CPU
		{0F199E47-7E19-45C0-A3A1-550F1DFEBF17}.Release|Any CPU.ActiveCfg = Release|Any CPU
		{0F199E47-7E19-45C0-A3A1-550F1DFEBF17}.Release|Any CPU.Build.0 = Release|Any CPU
		{4A550F3F-A8F6-4CBC-B5A4-4D5D283DDFCD}.Debug|Any CPU.ActiveCfg = Debug|Any CPU
		{4A550F3F-A8F6-4CBC-B5A4-4D5D283DDFCD}.Debug|Any CPU.Build.0 = Debug|Any CPU
		{4A550F3F-A8F6-4CBC-B5A4-4D5D283DDFCD}.Release|Any CPU.ActiveCfg = Release|Any CPU
		{4A550F3F-A8F6-4CBC-B5A4-4D5D283DDFCD}.Release|Any CPU.Build.0 = Release|Any CPU
	EndGlobalSection
	GlobalSection(SolutionProperties) = preSolution
		HideSolutionNode = FALSE
	EndGlobalSection
	GlobalSection(ExtensibilityGlobals) = postSolution
		SolutionGuid = {0FEA971F-06B4-4346-A66C-E542A1369A25}
	EndGlobalSection
EndGlobal
